// !$*UTF8*$!
{
	archiveVersion = 1;
	classes = {
	};
	objectVersion = 77;
	objects = {

/* Begin PBXContainerItemProxy section */
		18ECA2182E4C8B6C0095A4A0 /* PBXContainerItemProxy */ = {
			isa = PBXContainerItemProxy;
			containerPortal = 18ECA2022E4C8B6A0095A4A0 /* Project object */;
			proxyType = 1;
			remoteGlobalIDString = 18ECA2092E4C8B6A0095A4A0;
			remoteInfo = Calculator_HomeWork;
		};
		18ECA2222E4C8B6C0095A4A0 /* PBXContainerItemProxy */ = {
			isa = PBXContainerItemProxy;
			containerPortal = 18ECA2022E4C8B6A0095A4A0 /* Project object */;
			proxyType = 1;
			remoteGlobalIDString = 18ECA2092E4C8B6A0095A4A0;
			remoteInfo = Calculator_HomeWork;
		};
/* End PBXContainerItemProxy section */

/* Begin PBXFileReference section */
		18ECA20A2E4C8B6A0095A4A0 /* Calculator_HomeWork.app */ = {isa = PBXFileReference; explicitFileType = wrapper.application; includeInIndex = 0; path = Calculator_HomeWork.app; sourceTree = BUILT_PRODUCTS_DIR; };
		18ECA2172E4C8B6C0095A4A0 /* Calculator_HomeWorkTests.xctest */ = {isa = PBXFileReference; explicitFileType = wrapper.cfbundle; includeInIndex = 0; path = Calculator_HomeWorkTests.xctest; sourceTree = BUILT_PRODUCTS_DIR; };
		18ECA2212E4C8B6C0095A4A0 /* Calculator_HomeWorkUITests.xctest */ = {isa = PBXFileReference; explicitFileType = wrapper.cfbundle; includeInIndex = 0; path = Calculator_HomeWorkUITests.xctest; sourceTree = BUILT_PRODUCTS_DIR; };
/* End PBXFileReference section */

/* Begin PBXFileSystemSynchronizedRootGroup section */
		18ECA20C2E4C8B6A0095A4A0 /* Calculator_HomeWork */ = {
			isa = PBXFileSystemSynchronizedRootGroup;
			path = Calculator_HomeWork;
			sourceTree = "<group>";
		};
		18ECA21A2E4C8B6C0095A4A0 /* Calculator_HomeWorkTests */ = {
			isa = PBXFileSystemSynchronizedRootGroup;
			path = Calculator_HomeWorkTests;
			sourceTree = "<group>";
		};
		18ECA2242E4C8B6C0095A4A0 /* Calculator_HomeWorkUITests */ = {
			isa = PBXFileSystemSynchronizedRootGroup;
			path = Calculator_HomeWorkUITests;
			sourceTree = "<group>";
		};
/* End PBXFileSystemSynchronizedRootGroup section */

/* Begin PBXFrameworksBuildPhase section */
		18ECA2072E4C8B6A0095A4A0 /* Frameworks */ = {
			isa = PBXFrameworksBuildPhase;
			buildActionMask = 2147483647;
			files = (
			);
			runOnlyForDeploymentPostprocessing = 0;
		};
		18ECA2142E4C8B6C0095A4A0 /* Frameworks */ = {
			isa = PBXFrameworksBuildPhase;
			buildActionMask = 2147483647;
			files = (
			);
			runOnlyForDeploymentPostprocessing = 0;
		};
		18ECA21E2E4C8B6C0095A4A0 /* Frameworks */ = {
			isa = PBXFrameworksBuildPhase;
			buildActionMask = 2147483647;
			files = (
			);
			runOnlyForDeploymentPostprocessing = 0;
		};
/* End PBXFrameworksBuildPhase section */

/* Begin PBXGroup section */
		18ECA2012E4C8B6A0095A4A0 = {
			isa = PBXGroup;
			children = (
				18ECA20C2E4C8B6A0095A4A0 /* Calculator_HomeWork */,
				18ECA21A2E4C8B6C0095A4A0 /* Calculator_HomeWorkTests */,
				18ECA2242E4C8B6C0095A4A0 /* Calculator_HomeWorkUITests */,
				18ECA20B2E4C8B6A0095A4A0 /* Products */,
			);
			sourceTree = "<group>";
		};
		18ECA20B2E4C8B6A0095A4A0 /* Products */ = {
			isa = PBXGroup;
			children = (
				18ECA20A2E4C8B6A0095A4A0 /* Calculator_HomeWork.app */,
				18ECA2172E4C8B6C0095A4A0 /* Calculator_HomeWorkTests.xctest */,
				18ECA2212E4C8B6C0095A4A0 /* Calculator_HomeWorkUITests.xctest */,
			);
			name = Products;
			sourceTree = "<group>";
		};
/* End PBXGroup section */

/* Begin PBXNativeTarget section */
		18ECA2092E4C8B6A0095A4A0 /* Calculator_HomeWork */ = {
			isa = PBXNativeTarget;
			buildConfigurationList = 18ECA22B2E4C8B6C0095A4A0 /* Build configuration list for PBXNativeTarget "Calculator_HomeWork" */;
			buildPhases = (
				18ECA2062E4C8B6A0095A4A0 /* Sources */,
				18ECA2072E4C8B6A0095A4A0 /* Frameworks */,
				18ECA2082E4C8B6A0095A4A0 /* Resources */,
			);
			buildRules = (
			);
			dependencies = (
			);
			fileSystemSynchronizedGroups = (
				18ECA20C2E4C8B6A0095A4A0 /* Calculator_HomeWork */,
			);
			name = Calculator_HomeWork;
			packageProductDependencies = (
			);
			productName = Calculator_HomeWork;
			productReference = 18ECA20A2E4C8B6A0095A4A0 /* Calculator_HomeWork.app */;
			productType = "com.apple.product-type.application";
		};
		18ECA2162E4C8B6C0095A4A0 /* Calculator_HomeWorkTests */ = {
			isa = PBXNativeTarget;
			buildConfigurationList = 18ECA22E2E4C8B6C0095A4A0 /* Build configuration list for PBXNativeTarget "Calculator_HomeWorkTests" */;
			buildPhases = (
				18ECA2132E4C8B6C0095A4A0 /* Sources */,
				18ECA2142E4C8B6C0095A4A0 /* Frameworks */,
				18ECA2152E4C8B6C0095A4A0 /* Resources */,
			);
			buildRules = (
			);
			dependencies = (
				18ECA2192E4C8B6C0095A4A0 /* PBXTargetDependency */,
			);
			fileSystemSynchronizedGroups = (
				18ECA21A2E4C8B6C0095A4A0 /* Calculator_HomeWorkTests */,
			);
			name = Calculator_HomeWorkTests;
			packageProductDependencies = (
			);
			productName = Calculator_HomeWorkTests;
			productReference = 18ECA2172E4C8B6C0095A4A0 /* Calculator_HomeWorkTests.xctest */;
			productType = "com.apple.product-type.bundle.unit-test";
		};
		18ECA2202E4C8B6C0095A4A0 /* Calculator_HomeWorkUITests */ = {
			isa = PBXNativeTarget;
			buildConfigurationList = 18ECA2312E4C8B6C0095A4A0 /* Build configuration list for PBXNativeTarget "Calculator_HomeWorkUITests" */;
			buildPhases = (
				18ECA21D2E4C8B6C0095A4A0 /* Sources */,
				18ECA21E2E4C8B6C0095A4A0 /* Frameworks */,
				18ECA21F2E4C8B6C0095A4A0 /* Resources */,
			);
			buildRules = (
			);
			dependencies = (
				18ECA2232E4C8B6C0095A4A0 /* PBXTargetDependency */,
			);
			fileSystemSynchronizedGroups = (
				18ECA2242E4C8B6C0095A4A0 /* Calculator_HomeWorkUITests */,
			);
			name = Calculator_HomeWorkUITests;
			packageProductDependencies = (
			);
			productName = Calculator_HomeWorkUITests;
			productReference = 18ECA2212E4C8B6C0095A4A0 /* Calculator_HomeWorkUITests.xctest */;
			productType = "com.apple.product-type.bundle.ui-testing";
		};
/* End PBXNativeTarget section */

/* Begin PBXProject section */
		18ECA2022E4C8B6A0095A4A0 /* Project object */ = {
			isa = PBXProject;
			attributes = {
				BuildIndependentTargetsInParallel = 1;
				LastSwiftUpdateCheck = 2600;
				LastUpgradeCheck = 2600;
				TargetAttributes = {
					18ECA2092E4C8B6A0095A4A0 = {
						CreatedOnToolsVersion = 26.0;
					};
					18ECA2162E4C8B6C0095A4A0 = {
						CreatedOnToolsVersion = 26.0;
						TestTargetID = 18ECA2092E4C8B6A0095A4A0;
					};
					18ECA2202E4C8B6C0095A4A0 = {
						CreatedOnToolsVersion = 26.0;
						TestTargetID = 18ECA2092E4C8B6A0095A4A0;
					};
				};
			};
			buildConfigurationList = 18ECA2052E4C8B6A0095A4A0 /* Build configuration list for PBXProject "Calculator_HomeWork" */;
			developmentRegion = en;
			hasScannedForEncodings = 0;
			knownRegions = (
				en,
				Base,
			);
			mainGroup = 18ECA2012E4C8B6A0095A4A0;
			minimizedProjectReferenceProxies = 1;
			preferredProjectObjectVersion = 77;
			productRefGroup = 18ECA20B2E4C8B6A0095A4A0 /* Products */;
			projectDirPath = "";
			projectRoot = "";
			targets = (
				18ECA2092E4C8B6A0095A4A0 /* Calculator_HomeWork */,
				18ECA2162E4C8B6C0095A4A0 /* Calculator_HomeWorkTests */,
				18ECA2202E4C8B6C0095A4A0 /* Calculator_HomeWorkUITests */,
			);
		};
/* End PBXProject section */

/* Begin PBXResourcesBuildPhase section */
		18ECA2082E4C8B6A0095A4A0 /* Resources */ = {
			isa = PBXResourcesBuildPhase;
			buildActionMask = 2147483647;
			files = (
			);
			runOnlyForDeploymentPostprocessing = 0;
		};
		18ECA2152E4C8B6C0095A4A0 /* Resources */ = {
			isa = PBXResourcesBuildPhase;
			buildActionMask = 2147483647;
			files = (
			);
			runOnlyForDeploymentPostprocessing = 0;
		};
		18ECA21F2E4C8B6C0095A4A0 /* Resources */ = {
			isa = PBXResourcesBuildPhase;
			buildActionMask = 2147483647;
			files = (
			);
			runOnlyForDeploymentPostprocessing = 0;
		};
/* End PBXResourcesBuildPhase section */

/* Begin PBXSourcesBuildPhase section */
		18ECA2062E4C8B6A0095A4A0 /* Sources */ = {
			isa = PBXSourcesBuildPhase;
			buildActionMask = 2147483647;
			files = (
			);
			runOnlyForDeploymentPostprocessing = 0;
		};
		18ECA2132E4C8B6C0095A4A0 /* Sources */ = {
			isa = PBXSourcesBuildPhase;
			buildActionMask = 2147483647;
			files = (
			);
			runOnlyForDeploymentPostprocessing = 0;
		};
		18ECA21D2E4C8B6C0095A4A0 /* Sources */ = {
			isa = PBXSourcesBuildPhase;
			buildActionMask = 2147483647;
			files = (
			);
			runOnlyForDeploymentPostprocessing = 0;
		};
/* End PBXSourcesBuildPhase section */

/* Begin PBXTargetDependency section */
		18ECA2192E4C8B6C0095A4A0 /* PBXTargetDependency */ = {
			isa = PBXTargetDependency;
			target = 18ECA2092E4C8B6A0095A4A0 /* Calculator_HomeWork */;
			targetProxy = 18ECA2182E4C8B6C0095A4A0 /* PBXContainerItemProxy */;
		};
		18ECA2232E4C8B6C0095A4A0 /* PBXTargetDependency */ = {
			isa = PBXTargetDependency;
			target = 18ECA2092E4C8B6A0095A4A0 /* Calculator_HomeWork */;
			targetProxy = 18ECA2222E4C8B6C0095A4A0 /* PBXContainerItemProxy */;
		};
/* End PBXTargetDependency section */

/* Begin XCBuildConfiguration section */
		18ECA2292E4C8B6C0095A4A0 /* Debug */ = {
			isa = XCBuildConfiguration;
			buildSettings = {
				ALWAYS_SEARCH_USER_PATHS = NO;
				ASSETCATALOG_COMPILER_GENERATE_SWIFT_ASSET_SYMBOL_EXTENSIONS = YES;
				CLANG_ANALYZER_NONNULL = YES;
				CLANG_ANALYZER_NUMBER_OBJECT_CONVERSION = YES_AGGRESSIVE;
				CLANG_CXX_LANGUAGE_STANDARD = "gnu++20";
				CLANG_ENABLE_MODULES = YES;
				CLANG_ENABLE_OBJC_ARC = YES;
				CLANG_ENABLE_OBJC_WEAK = YES;
				CLANG_WARN_BLOCK_CAPTURE_AUTORELEASING = YES;
				CLANG_WARN_BOOL_CONVERSION = YES;
				CLANG_WARN_COMMA = YES;
				CLANG_WARN_CONSTANT_CONVERSION = YES;
				CLANG_WARN_DEPRECATED_OBJC_IMPLEMENTATIONS = YES;
				CLANG_WARN_DIRECT_OBJC_ISA_USAGE = YES_ERROR;
				CLANG_WARN_DOCUMENTATION_COMMENTS = YES;
				CLANG_WARN_EMPTY_BODY = YES;
				CLANG_WARN_ENUM_CONVERSION = YES;
				CLANG_WARN_INFINITE_RECURSION = YES;
				CLANG_WARN_INT_CONVERSION = YES;
				CLANG_WARN_NON_LITERAL_NULL_CONVERSION = YES;
				CLANG_WARN_OBJC_IMPLICIT_RETAIN_SELF = YES;
				CLANG_WARN_OBJC_LITERAL_CONVERSION = YES;
				CLANG_WARN_OBJC_ROOT_CLASS = YES_ERROR;
				CLANG_WARN_QUOTED_INCLUDE_IN_FRAMEWORK_HEADER = YES;
				CLANG_WARN_RANGE_LOOP_ANALYSIS = YES;
				CLANG_WARN_STRICT_PROTOTYPES = YES;
				CLANG_WARN_SUSPICIOUS_MOVE = YES;
				CLANG_WARN_UNGUARDED_AVAILABILITY = YES_AGGRESSIVE;
				CLANG_WARN_UNREACHABLE_CODE = YES;
				CLANG_WARN__DUPLICATE_METHOD_MATCH = YES;
				COPY_PHASE_STRIP = NO;
				DEBUG_INFORMATION_FORMAT = dwarf;
				DEVELOPMENT_TEAM = M2X26DUJR5;
				ENABLE_STRICT_OBJC_MSGSEND = YES;
				ENABLE_TESTABILITY = YES;
				ENABLE_USER_SCRIPT_SANDBOXING = YES;
				GCC_C_LANGUAGE_STANDARD = gnu17;
				GCC_DYNAMIC_NO_PIC = NO;
				GCC_NO_COMMON_BLOCKS = YES;
				GCC_OPTIMIZATION_LEVEL = 0;
				GCC_PREPROCESSOR_DEFINITIONS = (
					"DEBUG=1",
					"$(inherited)",
				);
				GCC_WARN_64_TO_32_BIT_CONVERSION = YES;
				GCC_WARN_ABOUT_RETURN_TYPE = YES_ERROR;
				GCC_WARN_UNDECLARED_SELECTOR = YES;
				GCC_WARN_UNINITIALIZED_AUTOS = YES_AGGRESSIVE;
				GCC_WARN_UNUSED_FUNCTION = YES;
				GCC_WARN_UNUSED_VARIABLE = YES;
				IPHONEOS_DEPLOYMENT_TARGET = 26.0;
				LOCALIZATION_PREFERS_STRING_CATALOGS = YES;
				MTL_ENABLE_DEBUG_INFO = INCLUDE_SOURCE;
				MTL_FAST_MATH = YES;
				ONLY_ACTIVE_ARCH = YES;
				SDKROOT = iphoneos;
				SWIFT_ACTIVE_COMPILATION_CONDITIONS = "DEBUG $(inherited)";
				SWIFT_OPTIMIZATION_LEVEL = "-Onone";
			};
			name = Debug;
		};
		18ECA22A2E4C8B6C0095A4A0 /* Release */ = {
			isa = XCBuildConfiguration;
			buildSettings = {
				ALWAYS_SEARCH_USER_PATHS = NO;
				ASSETCATALOG_COMPILER_GENERATE_SWIFT_ASSET_SYMBOL_EXTENSIONS = YES;
				CLANG_ANALYZER_NONNULL = YES;
				CLANG_ANALYZER_NUMBER_OBJECT_CONVERSION = YES_AGGRESSIVE;
				CLANG_CXX_LANGUAGE_STANDARD = "gnu++20";
				CLANG_ENABLE_MODULES = YES;
				CLANG_ENABLE_OBJC_ARC = YES;
				CLANG_ENABLE_OBJC_WEAK = YES;
				CLANG_WARN_BLOCK_CAPTURE_AUTORELEASING = YES;
				CLANG_WARN_BOOL_CONVERSION = YES;
				CLANG_WARN_COMMA = YES;
				CLANG_WARN_CONSTANT_CONVERSION = YES;
				CLANG_WARN_DEPRECATED_OBJC_IMPLEMENTATIONS = YES;
				CLANG_WARN_DIRECT_OBJC_ISA_USAGE = YES_ERROR;
				CLANG_WARN_DOCUMENTATION_COMMENTS = YES;
				CLANG_WARN_EMPTY_BODY = YES;
				CLANG_WARN_ENUM_CONVERSION = YES;
				CLANG_WARN_INFINITE_RECURSION = YES;
				CLANG_WARN_INT_CONVERSION = YES;
				CLANG_WARN_NON_LITERAL_NULL_CONVERSION = YES;
				CLANG_WARN_OBJC_IMPLICIT_RETAIN_SELF = YES;
				CLANG_WARN_OBJC_LITERAL_CONVERSION = YES;
				CLANG_WARN_OBJC_ROOT_CLASS = YES_ERROR;
				CLANG_WARN_QUOTED_INCLUDE_IN_FRAMEWORK_HEADER = YES;
				CLANG_WARN_RANGE_LOOP_ANALYSIS = YES;
				CLANG_WARN_STRICT_PROTOTYPES = YES;
				CLANG_WARN_SUSPICIOUS_MOVE = YES;
				CLANG_WARN_UNGUARDED_AVAILABILITY = YES_AGGRESSIVE;
				CLANG_WARN_UNREACHABLE_CODE = YES;
				CLANG_WARN__DUPLICATE_METHOD_MATCH = YES;
				COPY_PHASE_STRIP = NO;
				DEBUG_INFORMATION_FORMAT = "dwarf-with-dsym";
				DEVELOPMENT_TEAM = M2X26DUJR5;
				ENABLE_NS_ASSERTIONS = NO;
				ENABLE_STRICT_OBJC_MSGSEND = YES;
				ENABLE_USER_SCRIPT_SANDBOXING = YES;
				GCC_C_LANGUAGE_STANDARD = gnu17;
				GCC_NO_COMMON_BLOCKS = YES;
				GCC_WARN_64_TO_32_BIT_CONVERSION = YES;
				GCC_WARN_ABOUT_RETURN_TYPE = YES_ERROR;
				GCC_WARN_UNDECLARED_SELECTOR = YES;
				GCC_WARN_UNINITIALIZED_AUTOS = YES_AGGRESSIVE;
				GCC_WARN_UNUSED_FUNCTION = YES;
				GCC_WARN_UNUSED_VARIABLE = YES;
				IPHONEOS_DEPLOYMENT_TARGET = 26.0;
				LOCALIZATION_PREFERS_STRING_CATALOGS = YES;
				MTL_ENABLE_DEBUG_INFO = NO;
				MTL_FAST_MATH = YES;
				SDKROOT = iphoneos;
				SWIFT_COMPILATION_MODE = wholemodule;
				VALIDATE_PRODUCT = YES;
			};
			name = Release;
		};
		18ECA22C2E4C8B6C0095A4A0 /* Debug */ = {
			isa = XCBuildConfiguration;
			buildSettings = {
				ASSETCATALOG_COMPILER_APPICON_NAME = AppIcon;
				ASSETCATALOG_COMPILER_GLOBAL_ACCENT_COLOR_NAME = AccentColor;
				CODE_SIGN_STYLE = Automatic;
				CURRENT_PROJECT_VERSION = 1;
				DEVELOPMENT_TEAM = M2X26DUJR5;
				ENABLE_PREVIEWS = YES;
				GENERATE_INFOPLIST_FILE = YES;
				INFOPLIST_KEY_UIApplicationSceneManifest_Generation = YES;
				INFOPLIST_KEY_UIApplicationSupportsIndirectInputEvents = YES;
				INFOPLIST_KEY_UILaunchScreen_Generation = YES;
				INFOPLIST_KEY_UISupportedInterfaceOrientations_iPad = "UIInterfaceOrientationPortrait UIInterfaceOrientationPortraitUpsideDown UIInterfaceOrientationLandscapeLeft UIInterfaceOrientationLandscapeRight";
				INFOPLIST_KEY_UISupportedInterfaceOrientations_iPhone = "UIInterfaceOrientationPortrait UIInterfaceOrientationLandscapeLeft UIInterfaceOrientationLandscapeRight";
				LD_RUNPATH_SEARCH_PATHS = (
					"$(inherited)",
					"@executable_path/Frameworks",
				);
				MARKETING_VERSION = 1.0;
				PRODUCT_BUNDLE_IDENTIFIER = "ios.Calculator-HomeWork";
				PRODUCT_NAME = "$(TARGET_NAME)";
				STRING_CATALOG_GENERATE_SYMBOLS = YES;
				SWIFT_APPROACHABLE_CONCURRENCY = YES;
				SWIFT_DEFAULT_ACTOR_ISOLATION = MainActor;
				SWIFT_EMIT_LOC_STRINGS = YES;
				SWIFT_UPCOMING_FEATURE_MEMBER_IMPORT_VISIBILITY = YES;
				SWIFT_VERSION = 5.0;
				TARGETED_DEVICE_FAMILY = "1,2";
			};
			name = Debug;
		};
		18ECA22D2E4C8B6C0095A4A0 /* Release */ = {
			isa = XCBuildConfiguration;
			buildSettings = {
				ASSETCATALOG_COMPILER_APPICON_NAME = AppIcon;
				ASSETCATALOG_COMPILER_GLOBAL_ACCENT_COLOR_NAME = AccentColor;
				CODE_SIGN_STYLE = Automatic;
				CURRENT_PROJECT_VERSION = 1;
				DEVELOPMENT_TEAM = M2X26DUJR5;
				ENABLE_PREVIEWS = YES;
				GENERATE_INFOPLIST_FILE = YES;
				INFOPLIST_KEY_UIApplicationSceneManifest_Generation = YES;
				INFOPLIST_KEY_UIApplicationSupportsIndirectInputEvents = YES;
				INFOPLIST_KEY_UILaunchScreen_Generation = YES;
				INFOPLIST_KEY_UISupportedInterfaceOrientations_iPad = "UIInterfaceOrientationPortrait UIInterfaceOrientationPortraitUpsideDown UIInterfaceOrientationLandscapeLeft UIInterfaceOrientationLandscapeRight";
				INFOPLIST_KEY_UISupportedInterfaceOrientations_iPhone = "UIInterfaceOrientationPortrait UIInterfaceOrientationLandscapeLeft UIInterfaceOrientationLandscapeRight";
				LD_RUNPATH_SEARCH_PATHS = (
					"$(inherited)",
					"@executable_path/Frameworks",
				);
				MARKETING_VERSION = 1.0;
				PRODUCT_BUNDLE_IDENTIFIER = "ios.Calculator-HomeWork";
				PRODUCT_NAME = "$(TARGET_NAME)";
				STRING_CATALOG_GENERATE_SYMBOLS = YES;
				SWIFT_APPROACHABLE_CONCURRENCY = YES;
				SWIFT_DEFAULT_ACTOR_ISOLATION = MainActor;
				SWIFT_EMIT_LOC_STRINGS = YES;
				SWIFT_UPCOMING_FEATURE_MEMBER_IMPORT_VISIBILITY = YES;
				SWIFT_VERSION = 5.0;
				TARGETED_DEVICE_FAMILY = "1,2";
			};
			name = Release;
		};
		18ECA22F2E4C8B6C0095A4A0 /* Debug */ = {
			isa = XCBuildConfiguration;
			buildSettings = {
				BUNDLE_LOADER = "$(TEST_HOST)";
				CODE_SIGN_STYLE = Automatic;
				CURRENT_PROJECT_VERSION = 1;
				DEVELOPMENT_TEAM = M2X26DUJR5;
				GENERATE_INFOPLIST_FILE = YES;
				IPHONEOS_DEPLOYMENT_TARGET = 26.0;
				MARKETING_VERSION = 1.0;
				PRODUCT_BUNDLE_IDENTIFIER = "ios.Calculator-HomeWorkTests";
				PRODUCT_NAME = "$(TARGET_NAME)";
				STRING_CATALOG_GENERATE_SYMBOLS = NO;
				SWIFT_APPROACHABLE_CONCURRENCY = YES;
				SWIFT_EMIT_LOC_STRINGS = NO;
				SWIFT_UPCOMING_FEATURE_MEMBER_IMPORT_VISIBILITY = YES;
				SWIFT_VERSION = 5.0;
				TARGETED_DEVICE_FAMILY = "1,2";
				TEST_HOST = "$(BUILT_PRODUCTS_DIR)/Calculator_HomeWork.app/$(BUNDLE_EXECUTABLE_FOLDER_PATH)/Calculator_HomeWork";
			};
			name = Debug;
		};
		18ECA2302E4C8B6C0095A4A0 /* Release */ = {
			isa = XCBuildConfiguration;
			buildSettings = {
				BUNDLE_LOADER = "$(TEST_HOST)";
				CODE_SIGN_STYLE = Automatic;
				CURRENT_PROJECT_VERSION = 1;
				DEVELOPMENT_TEAM = M2X26DUJR5;
				GENERATE_INFOPLIST_FILE = YES;
				IPHONEOS_DEPLOYMENT_TARGET = 26.0;
				MARKETING_VERSION = 1.0;
				PRODUCT_BUNDLE_IDENTIFIER = "ios.Calculator-HomeWorkTests";
				PRODUCT_NAME = "$(TARGET_NAME)";
				STRING_CATALOG_GENERATE_SYMBOLS = NO;
				SWIFT_APPROACHABLE_CONCURRENCY = YES;
				SWIFT_EMIT_LOC_STRINGS = NO;
				SWIFT_UPCOMING_FEATURE_MEMBER_IMPORT_VISIBILITY = YES;
				SWIFT_VERSION = 5.0;
				TARGETED_DEVICE_FAMILY = "1,2";
				TEST_HOST = "$(BUILT_PRODUCTS_DIR)/Calculator_HomeWork.app/$(BUNDLE_EXECUTABLE_FOLDER_PATH)/Calculator_HomeWork";
			};
			name = Release;
		};
		18ECA2322E4C8B6C0095A4A0 /* Debug */ = {
			isa = XCBuildConfiguration;
			buildSettings = {
				CODE_SIGN_STYLE = Automatic;
				CURRENT_PROJECT_VERSION = 1;
				DEVELOPMENT_TEAM = M2X26DUJR5;
				GENERATE_INFOPLIST_FILE = YES;
				MARKETING_VERSION = 1.0;
				PRODUCT_BUNDLE_IDENTIFIER = "ios.Calculator-HomeWorkUITests";
				PRODUCT_NAME = "$(TARGET_NAME)";
				STRING_CATALOG_GENERATE_SYMBOLS = NO;
				SWIFT_APPROACHABLE_CONCURRENCY = YES;
				SWIFT_EMIT_LOC_STRINGS = NO;
				SWIFT_UPCOMING_FEATURE_MEMBER_IMPORT_VISIBILITY = YES;
				SWIFT_VERSION = 5.0;
				TARGETED_DEVICE_FAMILY = "1,2";
				TEST_TARGET_NAME = Calculator_HomeWork;
			};
			name = Debug;
		};
		18ECA2332E4C8B6C0095A4A0 /* Release */ = {
			isa = XCBuildConfiguration;
			buildSettings = {
				CODE_SIGN_STYLE = Automatic;
				CURRENT_PROJECT_VERSION = 1;
				DEVELOPMENT_TEAM = M2X26DUJR5;
				GENERATE_INFOPLIST_FILE = YES;
				MARKETING_VERSION = 1.0;
				PRODUCT_BUNDLE_IDENTIFIER = "ios.Calculator-HomeWorkUITests";
				PRODUCT_NAME = "$(TARGET_NAME)";
				STRING_CATALOG_GENERATE_SYMBOLS = NO;
				SWIFT_APPROACHABLE_CONCURRENCY = YES;
				SWIFT_EMIT_LOC_STRINGS = NO;
				SWIFT_UPCOMING_FEATURE_MEMBER_IMPORT_VISIBILITY = YES;
				SWIFT_VERSION = 5.0;
				TARGETED_DEVICE_FAMILY = "1,2";
				TEST_TARGET_NAME = Calculator_HomeWork;
			};
			name = Release;
		};
/* End XCBuildConfiguration section */

/* Begin XCConfigurationList section */
		18ECA2052E4C8B6A0095A4A0 /* Build configuration list for PBXProject "Calculator_HomeWork" */ = {
			isa = XCConfigurationList;
			buildConfigurations = (
				18ECA2292E4C8B6C0095A4A0 /* Debug */,
				18ECA22A2E4C8B6C0095A4A0 /* Release */,
			);
			defaultConfigurationIsVisible = 0;
			defaultConfigurationName = Release;
		};
		18ECA22B2E4C8B6C0095A4A0 /* Build configuration list for PBXNativeTarget "Calculator_HomeWork" */ = {
			isa = XCConfigurationList;
			buildConfigurations = (
				18ECA22C2E4C8B6C0095A4A0 /* Debug */,
				18ECA22D2E4C8B6C0095A4A0 /* Release */,
			);
			defaultConfigurationIsVisible = 0;
			defaultConfigurationName = Release;
		};
		18ECA22E2E4C8B6C0095A4A0 /* Build configuration list for PBXNativeTarget "Calculator_HomeWorkTests" */ = {
			isa = XCConfigurationList;
			buildConfigurations = (
				18ECA22F2E4C8B6C0095A4A0 /* Debug */,
				18ECA2302E4C8B6C0095A4A0 /* Release */,
			);
			defaultConfigurationIsVisible = 0;
			defaultConfigurationName = Release;
		};
		18ECA2312E4C8B6C0095A4A0 /* Build configuration list for PBXNativeTarget "Calculator_HomeWorkUITests" */ = {
			isa = XCConfigurationList;
			buildConfigurations = (
				18ECA2322E4C8B6C0095A4A0 /* Debug */,
				18ECA2332E4C8B6C0095A4A0 /* Release */,
			);
			defaultConfigurationIsVisible = 0;
			defaultConfigurationName = Release;
		};
/* End XCConfigurationList section */
	};
	rootObject = 18ECA2022E4C8B6A0095A4A0 /* Project object */;
}
